
Microsoft Visual Studio Solution File, Format Version 12.00
# Visual Studio 15
VisualStudioVersion = 15.0.28307.572
MinimumVisualStudioVersion = 10.0.40219.1
Project("{FAE04EC0-301F-11D3-BF4B-00C04F79EFBC}") = "MHWLoadoutEdit", "MHWLoadoutEdit.csproj", "{C605416B-4E10-46BC-984E-03C982202430}"
EndProject
Global
	GlobalSection(SolutionConfigurationPlatforms) = preSolution
		Debug|Any CPU = Debug|Any CPU
		Release|Any CPU = Release|Any CPU
	EndGlobalSection
	GlobalSection(ProjectConfigurationPlatforms) = postSolution
		{C605416B-4E10-46BC-984E-03C982202430}.Debug|Any CPU.ActiveCfg = Debug|Any CPU
		{C605416B-4E10-46BC-984E-03C982202430}.Debug|Any CPU.Build.0 = Debug|Any CPU
		{C605416B-4E10-46BC-984E-03C982202430}.Release|Any CPU.ActiveCfg = Release|Any CPU
		{C605416B-4E10-46BC-984E-03C982202430}.Release|Any CPU.Build.0 = Release|Any CPU
	EndGlobalSection
	GlobalSection(SolutionProperties) = preSolution
		HideSolutionNode = FALSE
	EndGlobalSection
	GlobalSection(ExtensibilityGlobals) = postSolution
		SolutionGuid = {853A8F7D-CE21-4EAD-AD54-EDE226A7D3C5}
	EndGlobalSection
EndGlobal
